
Microsoft Visual Studio Solution File, Format Version 12.00
# Visual Studio Version 17
VisualStudioVersion = 17.5.33516.290
MinimumVisualStudioVersion = 10.0.40219.1
Project("{FAE04EC0-301F-11D3-BF4B-00C04F79EFBC}") = "FrmConsultaEmprestimo", "FrmConsultaEmprestimo\FrmConsultaEmprestimo.csproj", "{A8DA2C0E-B457-410B-B0C5-BF8209F7FA12}"
EndProject
Global
	GlobalSection(SolutionConfigurationPlatforms) = preSolution
		Debug|Any CPU = Debug|Any CPU
		Release|Any CPU = Release|Any CPU
	EndGlobalSection
	GlobalSection(ProjectConfigurationPlatforms) = postSolution
		{A8DA2C0E-B457-410B-B0C5-BF8209F7FA12}.Debug|Any CPU.ActiveCfg = Debug|Any CPU
		{A8DA2C0E-B457-410B-B0C5-BF8209F7FA12}.Debug|Any CPU.Build.0 = Debug|Any CPU
		{A8DA2C0E-B457-410B-B0C5-BF8209F7FA12}.Release|Any CPU.ActiveCfg = Release|Any CPU
		{A8DA2C0E-B457-410B-B0C5-BF8209F7FA12}.Release|Any CPU.Build.0 = Release|Any CPU
	EndGlobalSection
	GlobalSection(SolutionProperties) = preSolution
		HideSolutionNode = FALSE
	EndGlobalSection
	GlobalSection(ExtensibilityGlobals) = postSolution
		SolutionGuid = {FCC6FC79-F8DB-4B79-9473-3A24FAC1D2F8}
	EndGlobalSection
EndGlobal
